
Microsoft Visual Studio Solution File, Format Version 12.00
# Visual Studio 15
VisualStudioVersion = 15.0.27004.2009
MinimumVisualStudioVersion = 10.0.40219.1
Project("{FAE04EC0-301F-11D3-BF4B-00C04F79EFBC}") = "ProductsShop.App", "ProductsShop\ProductsShop.App.csproj", "{F6270678-E43E-4161-AE6F-0AB2036C1470}"
EndProject
Project("{FAE04EC0-301F-11D3-BF4B-00C04F79EFBC}") = "ProductsShop.Data", "ProductsShop.Data\ProductsShop.Data.csproj", "{F438543F-AD10-4BB2-A534-A67F13AD9744}"
EndProject
Project("{FAE04EC0-301F-11D3-BF4B-00C04F79EFBC}") = "ProductsShop.Models", "ProductsShop.Models\ProductsShop.Models.csproj", "{EE8421EC-42CD-4772-AAB0-0F8E806CF5B7}"
EndProject
Global
	GlobalSection(SolutionConfigurationPlatforms) = preSolution
		Debug|Any CPU = Debug|Any CPU
		Release|Any CPU = Release|Any CPU
	EndGlobalSection
	GlobalSection(ProjectConfigurationPlatforms) = postSolution
		{F6270678-E43E-4161-AE6F-0AB2036C1470}.Debug|Any CPU.ActiveCfg = Debug|Any CPU
		{F6270678-E43E-4161-AE6F-0AB2036C1470}.Debug|Any CPU.Build.0 = Debug|Any CPU
		{F6270678-E43E-4161-AE6F-0AB2036C1470}.Release|Any CPU.ActiveCfg = Release|Any CPU
		{F6270678-E43E-4161-AE6F-0AB2036C1470}.Release|Any CPU.Build.0 = Release|Any CPU
		{F438543F-AD10-4BB2-A534-A67F13AD9744}.Debug|Any CPU.ActiveCfg = Debug|Any CPU
		{F438543F-AD10-4BB2-A534-A67F13AD9744}.Debug|Any CPU.Build.0 = Debug|Any CPU
		{F438543F-AD10-4BB2-A534-A67F13AD9744}.Release|Any CPU.ActiveCfg = Release|Any CPU
		{F438543F-AD10-4BB2-A534-A67F13AD9744}.Release|Any CPU.Build.0 = Release|Any CPU
		{EE8421EC-42CD-4772-AAB0-0F8E806CF5B7}.Debug|Any CPU.ActiveCfg = Debug|Any CPU
		{EE8421EC-42CD-4772-AAB0-0F8E806CF5B7}.Debug|Any CPU.Build.0 = Debug|Any CPU
		{EE8421EC-42CD-4772-AAB0-0F8E806CF5B7}.Release|Any CPU.ActiveCfg = Release|Any CPU
		{EE8421EC-42CD-4772-AAB0-0F8E806CF5B7}.Release|Any CPU.Build.0 = Release|Any CPU
	EndGlobalSection
	GlobalSection(SolutionProperties) = preSolution
		HideSolutionNode = FALSE
	EndGlobalSection
	GlobalSection(ExtensibilityGlobals) = postSolution
		SolutionGuid = {CFAFAF12-0EEF-4D47-BA10-B710CBED85D8}
	EndGlobalSection
EndGlobal
