
Microsoft Visual Studio Solution File, Format Version 12.00
# Visual Studio 15
VisualStudioVersion = 15.0.27004.2006
MinimumVisualStudioVersion = 10.0.40219.1
Project("{9A19103F-16F7-4668-BE54-9A1E7A4F7556}") = "FirstDbAdvanceProject", "FirstDbAdvanceProject\FirstDbAdvanceProject.csproj", "{1A5141C1-9D63-425C-80C2-B6126C366936}"
EndProject
Project("{FAE04EC0-301F-11D3-BF4B-00C04F79EFBC}") = "VillainNames", "Villain Names\VillainNames.csproj", "{2EF522D0-9F8E-4922-8D2A-CE9518A7AA82}"
EndProject
Global
	GlobalSection(SolutionConfigurationPlatforms) = preSolution
		Debug|Any CPU = Debug|Any CPU
		Release|Any CPU = Release|Any CPU
	EndGlobalSection
	GlobalSection(ProjectConfigurationPlatforms) = postSolution
		{1A5141C1-9D63-425C-80C2-B6126C366936}.Debug|Any CPU.ActiveCfg = Debug|Any CPU
		{1A5141C1-9D63-425C-80C2-B6126C366936}.Debug|Any CPU.Build.0 = Debug|Any CPU
		{1A5141C1-9D63-425C-80C2-B6126C366936}.Release|Any CPU.ActiveCfg = Release|Any CPU
		{1A5141C1-9D63-425C-80C2-B6126C366936}.Release|Any CPU.Build.0 = Release|Any CPU
		{2EF522D0-9F8E-4922-8D2A-CE9518A7AA82}.Debug|Any CPU.ActiveCfg = Debug|Any CPU
		{2EF522D0-9F8E-4922-8D2A-CE9518A7AA82}.Debug|Any CPU.Build.0 = Debug|Any CPU
		{2EF522D0-9F8E-4922-8D2A-CE9518A7AA82}.Release|Any CPU.ActiveCfg = Release|Any CPU
		{2EF522D0-9F8E-4922-8D2A-CE9518A7AA82}.Release|Any CPU.Build.0 = Release|Any CPU
	EndGlobalSection
	GlobalSection(SolutionProperties) = preSolution
		HideSolutionNode = FALSE
	EndGlobalSection
	GlobalSection(ExtensibilityGlobals) = postSolution
		SolutionGuid = {A02297AE-C73B-4960-95D7-E9ED758C5793}
	EndGlobalSection
EndGlobal
