
Microsoft Visual Studio Solution File, Format Version 12.00
# Visual Studio 15
VisualStudioVersion = 15.0.27004.2009
MinimumVisualStudioVersion = 10.0.40219.1
Project("{FAE04EC0-301F-11D3-BF4B-00C04F79EFBC}") = "BusTicketsSystem.App", "BusTicketsSystem.App\BusTicketsSystem.App.csproj", "{374C05AC-DF76-4841-8BFB-2CFBE53400A9}"
EndProject
Project("{FAE04EC0-301F-11D3-BF4B-00C04F79EFBC}") = "BusTicketsSystem.Data", "BusTicketsSystem.Data\BusTicketsSystem.Data.csproj", "{ED774E01-5B50-4D68-9B71-5FDD6C9D17E9}"
EndProject
Project("{FAE04EC0-301F-11D3-BF4B-00C04F79EFBC}") = "BusTicketsSystem.Data.Models", "BusTicketsSystem.Data.Models\BusTicketsSystem.Data.Models.csproj", "{B74F1839-85E2-42D8-A42F-3FEF4DC1C3B2}"
EndProject
Global
	GlobalSection(SolutionConfigurationPlatforms) = preSolution
		Debug|Any CPU = Debug|Any CPU
		Release|Any CPU = Release|Any CPU
	EndGlobalSection
	GlobalSection(ProjectConfigurationPlatforms) = postSolution
		{374C05AC-DF76-4841-8BFB-2CFBE53400A9}.Debug|Any CPU.ActiveCfg = Debug|Any CPU
		{374C05AC-DF76-4841-8BFB-2CFBE53400A9}.Debug|Any CPU.Build.0 = Debug|Any CPU
		{374C05AC-DF76-4841-8BFB-2CFBE53400A9}.Release|Any CPU.ActiveCfg = Release|Any CPU
		{374C05AC-DF76-4841-8BFB-2CFBE53400A9}.Release|Any CPU.Build.0 = Release|Any CPU
		{ED774E01-5B50-4D68-9B71-5FDD6C9D17E9}.Debug|Any CPU.ActiveCfg = Debug|Any CPU
		{ED774E01-5B50-4D68-9B71-5FDD6C9D17E9}.Debug|Any CPU.Build.0 = Debug|Any CPU
		{ED774E01-5B50-4D68-9B71-5FDD6C9D17E9}.Release|Any CPU.ActiveCfg = Release|Any CPU
		{ED774E01-5B50-4D68-9B71-5FDD6C9D17E9}.Release|Any CPU.Build.0 = Release|Any CPU
		{B74F1839-85E2-42D8-A42F-3FEF4DC1C3B2}.Debug|Any CPU.ActiveCfg = Debug|Any CPU
		{B74F1839-85E2-42D8-A42F-3FEF4DC1C3B2}.Debug|Any CPU.Build.0 = Debug|Any CPU
		{B74F1839-85E2-42D8-A42F-3FEF4DC1C3B2}.Release|Any CPU.ActiveCfg = Release|Any CPU
		{B74F1839-85E2-42D8-A42F-3FEF4DC1C3B2}.Release|Any CPU.Build.0 = Release|Any CPU
	EndGlobalSection
	GlobalSection(SolutionProperties) = preSolution
		HideSolutionNode = FALSE
	EndGlobalSection
	GlobalSection(ExtensibilityGlobals) = postSolution
		SolutionGuid = {95957857-8A1F-40F5-A73C-6A8402267427}
	EndGlobalSection
EndGlobal
